
Microsoft Visual Studio Solution File, Format Version 12.00
# Visual Studio Version 16
VisualStudioVersion = 16.0.31515.178
MinimumVisualStudioVersion = 10.0.40219.1
Project("{FAE04EC0-301F-11D3-BF4B-00C04F79EFBC}") = "Otthonbazar", "Otthonbazar\Otthonbazar.csproj", "{039C5C61-61D7-4468-AE28-4C85693C0C16}"
EndProject
Global
	GlobalSection(SolutionConfigurationPlatforms) = preSolution
		Debug|Any CPU = Debug|Any CPU
		Release|Any CPU = Release|Any CPU
	EndGlobalSection
	GlobalSection(ProjectConfigurationPlatforms) = postSolution
		{039C5C61-61D7-4468-AE28-4C85693C0C16}.Debug|Any CPU.ActiveCfg = Debug|Any CPU
		{039C5C61-61D7-4468-AE28-4C85693C0C16}.Debug|Any CPU.Build.0 = Debug|Any CPU
		{039C5C61-61D7-4468-AE28-4C85693C0C16}.Release|Any CPU.ActiveCfg = Release|Any CPU
		{039C5C61-61D7-4468-AE28-4C85693C0C16}.Release|Any CPU.Build.0 = Release|Any CPU
	EndGlobalSection
	GlobalSection(SolutionProperties) = preSolution
		HideSolutionNode = FALSE
	EndGlobalSection
	GlobalSection(ExtensibilityGlobals) = postSolution
		SolutionGuid = {7F0C8048-1806-4213-B3EA-F1B66ECAA7D3}
	EndGlobalSection
EndGlobal
